
Microsoft Visual Studio Solution File, Format Version 12.00
# Visual Studio 15
VisualStudioVersion = 15.0.28307.645
MinimumVisualStudioVersion = 10.0.40219.1
Project("{FAE04EC0-301F-11D3-BF4B-00C04F79EFBC}") = "windows-legacy-app", "windows-legacy-app\windows-legacy-app.csproj", "{CC3E397C-C2AB-4CA8-8DA8-A9D4F2B40171}"
EndProject
Global
	GlobalSection(SolutionConfigurationPlatforms) = preSolution
		Debug|Any CPU = Debug|Any CPU
		Release|Any CPU = Release|Any CPU
	EndGlobalSection
	GlobalSection(ProjectConfigurationPlatforms) = postSolution
		{CC3E397C-C2AB-4CA8-8DA8-A9D4F2B40171}.Debug|Any CPU.ActiveCfg = Debug|Any CPU
		{CC3E397C-C2AB-4CA8-8DA8-A9D4F2B40171}.Debug|Any CPU.Build.0 = Debug|Any CPU
		{CC3E397C-C2AB-4CA8-8DA8-A9D4F2B40171}.Release|Any CPU.ActiveCfg = Release|Any CPU
		{CC3E397C-C2AB-4CA8-8DA8-A9D4F2B40171}.Release|Any CPU.Build.0 = Release|Any CPU
	EndGlobalSection
	GlobalSection(SolutionProperties) = preSolution
		HideSolutionNode = FALSE
	EndGlobalSection
	GlobalSection(ExtensibilityGlobals) = postSolution
		SolutionGuid = {0FFDD0C8-1A33-42C5-8742-9A9B40D65CED}
	EndGlobalSection
EndGlobal
